{
  "name": "deepseek-cli",
  "version": "0.18.0",
  "lockfileVersion": 3,
  "requires": true,
  "packages": {
    "": {
      "name": "deepseek-cli",
      "version": "0.18.0",
      "license": "MIT",
      "workspaces": [
        "packages/*"
      ],
      "engines": {
        "node": ">=18"
      }
    },
    "node_modules/@just-agent/anthropic-api-cli": {
      "resolved": "packages/anthropic-api-cli",
      "link": true
    },
    "node_modules/@just-agent/bedrock-api-cli": {
      "resolved": "packages/bedrock-api-cli",
      "link": true
    },
    "node_modules/@just-agent/deepseek-api-cli": {
      "resolved": "packages/deepseek-api-cli",
      "link": true
    },
    "node_modules/@just-agent/gemini-api-cli": {
      "resolved": "packages/gemini-api-cli",
      "link": true
    },
    "node_modules/@just-agent/glm-api-cli": {
      "resolved": "packages/glm-api-cli",
      "link": true
    },
    "node_modules/@just-agent/kimi-api-cli": {
      "resolved": "packages/kimi-api-cli",
      "link": true
    },
    "node_modules/@just-agent/mimo-api-cli": {
      "resolved": "packages/mimo-api-cli",
      "link": true
    },
    "node_modules/@just-agent/ollama-api-cli": {
      "resolved": "packages/ollama-api-cli",
      "link": true
    },
    "node_modules/@just-agent/openai-api-cli": {
      "resolved": "packages/openai-api-cli",
      "link": true
    },
    "node_modules/@just-agent/provider-api-cli": {
      "resolved": "packages/provider-api-cli",
      "link": true
    },
    "node_modules/@just-agent/provider-api-core": {
      "resolved": "packages/provider-api-core",
      "link": true
    },
    "packages/anthropic-api-cli": {
      "name": "@just-agent/anthropic-api-cli",
      "version": "0.18.0",
      "license": "MIT",
      "dependencies": {
        "@just-agent/provider-api-core": "^0.18.0"
      },
      "bin": {
        "anthropic-api": "bin/anthropic-api.mjs"
      },
      "engines": {
        "node": ">=18"
      }
    },
    "packages/bedrock-api-cli": {
      "name": "@just-agent/bedrock-api-cli",
      "version": "0.18.0",
      "license": "MIT",
      "dependencies": {
        "@just-agent/provider-api-core": "^0.18.0"
      },
      "bin": {
        "bedrock-api": "bin/bedrock-api.mjs"
      },
      "engines": {
        "node": ">=18"
      }
    },
    "packages/deepseek-api-cli": {
      "name": "@just-agent/deepseek-api-cli",
      "version": "0.18.0",
      "license": "MIT",
      "dependencies": {
        "@just-agent/provider-api-core": "^0.18.0"
      },
      "bin": {
        "deepseek": "bin/deepseek.mjs"
      },
      "engines": {
        "node": ">=18"
      }
    },
    "packages/gemini-api-cli": {
      "name": "@just-agent/gemini-api-cli",
      "version": "0.18.0",
      "license": "MIT",
      "dependencies": {
        "@just-agent/provider-api-core": "^0.18.0"
      },
      "bin": {
        "gemini-api": "bin/gemini-api.mjs"
      },
      "engines": {
        "node": ">=18"
      }
    },
    "packages/glm-api-cli": {
      "name": "@just-agent/glm-api-cli",
      "version": "0.18.0",
      "license": "MIT",
      "dependencies": {
        "@just-agent/provider-api-core": "^0.18.0"
      },
      "bin": {
        "glm": "bin/glm.mjs"
      },
      "engines": {
        "node": ">=18"
      }
    },
    "packages/kimi-api-cli": {
      "name": "@just-agent/kimi-api-cli",
      "version": "0.18.0",
      "license": "MIT",
      "dependencies": {
        "@just-agent/provider-api-core": "^0.18.0"
      },
      "bin": {
        "kimi": "bin/kimi.mjs"
      },
      "engines": {
        "node": ">=18"
      }
    },
    "packages/mimo-api-cli": {
      "name": "@just-agent/mimo-api-cli",
      "version": "0.18.0",
      "license": "MIT",
      "dependencies": {
        "@just-agent/provider-api-core": "^0.18.0"
      },
      "bin": {
        "mimo": "bin/mimo.mjs"
      },
      "engines": {
        "node": ">=18"
      }
    },
    "packages/ollama-api-cli": {
      "name": "@just-agent/ollama-api-cli",
      "version": "0.18.0",
      "license": "MIT",
      "dependencies": {
        "@just-agent/provider-api-core": "^0.18.0"
      },
      "bin": {
        "ollama-api": "bin/ollama-api.mjs"
      },
      "engines": {
        "node": ">=18"
      }
    },
    "packages/openai-api-cli": {
      "name": "@just-agent/openai-api-cli",
      "version": "0.18.0",
      "license": "MIT",
      "dependencies": {
        "@just-agent/provider-api-core": "^0.18.0"
      },
      "bin": {
        "openai-api": "bin/openai-api.mjs"
      },
      "engines": {
        "node": ">=18"
      }
    },
    "packages/provider-api-cli": {
      "name": "@just-agent/provider-api-cli",
      "version": "0.18.0",
      "license": "MIT",
      "dependencies": {
        "@just-agent/provider-api-core": "^0.18.0"
      },
      "bin": {
        "anthropic-api": "bin/anthropic-api.mjs",
        "bedrock-api": "bin/bedrock-api.mjs",
        "deepseek": "bin/deepseek.mjs",
        "gemini-api": "bin/gemini-api.mjs",
        "glm": "bin/glm.mjs",
        "kimi": "bin/kimi.mjs",
        "mimo": "bin/mimo.mjs",
        "ollama-api": "bin/ollama-api.mjs",
        "openai-api": "bin/openai-api.mjs",
        "provider-api": "bin/provider-api.mjs"
      },
      "engines": {
        "node": ">=18"
      }
    },
    "packages/provider-api-core": {
      "name": "@just-agent/provider-api-core",
      "version": "0.18.0",
      "license": "MIT",
      "engines": {
        "node": ">=18"
      }
    }
  }
}
